# This file is autogenerated, do not edit; changes may be undone by the next 'dep ensure'.


[[projects]]
  branch = "ami.v10"
  digest = "1:e32384f7c08ba23f03023472a0913a5f071d57cafb7ee6fc0b2db61709686d91"
  name = "github.com/heltonmarx/goami"
  packages = ["ami"]
  pruneopts = "UT"
  revision = "e22ae9607c13f1c02bdf2da3e4d9385ffac2bbcc"

[solve-meta]
  analyzer-name = "dep"
  analyzer-version = 1
  input-imports = ["github.com/heltonmarx/goami/ami"]
  solver-name = "gps-cdcl"
  solver-version = 1
