# This file is autogenerated, do not edit; changes may be undone by the next 'dep ensure'.


[[projects]]
  digest = "1:34f70027246a9ffa418c0d5020c9dea0da2c3655cfd9942ac7dd9c8f458defab"
  name = "github.com/ivahaev/amigo"
  packages = [
    ".",
    "uuid",
  ]
  pruneopts = "UT"
  revision = "1181626757d11a14ed0cf8e3716b8e56efd8ac74"
  version = "v0.1.9"

[solve-meta]
  analyzer-name = "dep"
  analyzer-version = 1
  input-imports = ["github.com/ivahaev/amigo"]
  solver-name = "gps-cdcl"
  solver-version = 1
